
Microsoft Visual Studio Solution File, Format Version 12.00
# Visual Studio Version 16
VisualStudioVersion = 16.0.32630.194
MinimumVisualStudioVersion = 10.0.40219.1
Project("{FAE04EC0-301F-11D3-BF4B-00C04F79EFBC}") = "seleniumfollower", "seleniumfollower\seleniumfollower.csproj", "{7C162243-B11F-4C28-B11C-DB8E16A1BDB7}"
EndProject
Global
	GlobalSection(SolutionConfigurationPlatforms) = preSolution
		Debug|Any CPU = Debug|Any CPU
		Release|Any CPU = Release|Any CPU
	EndGlobalSection
	GlobalSection(ProjectConfigurationPlatforms) = postSolution
		{7C162243-B11F-4C28-B11C-DB8E16A1BDB7}.Debug|Any CPU.ActiveCfg = Debug|Any CPU
		{7C162243-B11F-4C28-B11C-DB8E16A1BDB7}.Debug|Any CPU.Build.0 = Debug|Any CPU
		{7C162243-B11F-4C28-B11C-DB8E16A1BDB7}.Release|Any CPU.ActiveCfg = Release|Any CPU
		{7C162243-B11F-4C28-B11C-DB8E16A1BDB7}.Release|Any CPU.Build.0 = Release|Any CPU
	EndGlobalSection
	GlobalSection(SolutionProperties) = preSolution
		HideSolutionNode = FALSE
	EndGlobalSection
	GlobalSection(ExtensibilityGlobals) = postSolution
		SolutionGuid = {54E8EC1B-3F46-4373-8F10-3FBEADE847AA}
	EndGlobalSection
EndGlobal
